<?xml version="1.0" encoding="utf-8"?>
<Project ToolsVersion="4.0" xmlns="http://schemas.microsoft.com/developer/msbuild/2003">
  <ItemGroup>
    <Filter Include="Исходные файлы">
      <UniqueIdentifier>{4FC737F1-C7A5-4376-A066-2A32D752A2FF}</UniqueIdentifier>
      <Extensions>cpp;c;cc;cxx;c++;cppm;ixx;def;odl;idl;hpj;bat;asm;asmx</Extensions>
    </Filter>
    <Filter Include="Файлы заголовков">
      <UniqueIdentifier>{93995380-89BD-4b04-88EB-625FBE52EBFB}</UniqueIdentifier>
      <Extensions>h;hh;hpp;hxx;h++;hm;inl;inc;ipp;xsd</Extensions>
    </Filter>
    <Filter Include="Файлы ресурсов">
      <UniqueIdentifier>{67DA6AB6-F800-4c08-8B7A-83BB121AAD01}</UniqueIdentifier>
      <Extensions>rc;ico;cur;bmp;dlg;rc2;rct;bin;rgs;gif;jpg;jpeg;jpe;resx;tiff;tif;png;wav;mfcribbon-ms</Extensions>
    </Filter>
    <Filter Include="Kiwii">
      <UniqueIdentifier>{4a0e4497-c9c6-4d63-91d0-a1a59992eb5d}</UniqueIdentifier>
    </Filter>
    <Filter Include="Kiwii\Heades">
      <UniqueIdentifier>{b0d32c88-de23-4c5d-87ce-27c2145193fe}</UniqueIdentifier>
    </Filter>
    <Filter Include="Kiwii\Any">
      <UniqueIdentifier>{29155a38-1c97-4b7a-91d5-cc36944b1b57}</UniqueIdentifier>
    </Filter>
    <Filter Include="Kiwii\MonoText">
      <UniqueIdentifier>{68ded093-6a18-4f6a-b5cb-44ecc869128b}</UniqueIdentifier>
    </Filter>
    <Filter Include="Kiwii\MonoText\Any">
      <UniqueIdentifier>{8583ead8-cab8-4fdf-b929-1f68b2072630}</UniqueIdentifier>
    </Filter>
  </ItemGroup>
  <ItemGroup>
    <ClCompile Include="Wanichusik.cpp">
      <Filter>Исходные файлы</Filter>
    </ClCompile>
    <ClCompile Include="Kiwii\Kiwii.cpp">
      <Filter>Kiwii\Any</Filter>
    </ClCompile>
    <ClCompile Include="Kiwii\GradientText.cpp">
      <Filter>Kiwii\MonoText\Any</Filter>
    </ClCompile>
    <ClCompile Include="Kiwii\ScreenText.cpp">
      <Filter>Kiwii\MonoText\Any</Filter>
    </ClCompile>
    <ClCompile Include="Kiwii\ShaderText.cpp">
      <Filter>Kiwii\MonoText\Any</Filter>
    </ClCompile>
  </ItemGroup>
  <ItemGroup>
    <ClInclude Include="Kiwii\Time Act.h">
      <Filter>Kiwii\Heades</Filter>
    </ClInclude>
    <ClInclude Include="Kiwii\Games.h">
      <Filter>Kiwii\Heades</Filter>
    </ClInclude>
    <ClInclude Include="Kiwii\Kiwii.h">
      <Filter>Kiwii\Heades</Filter>
    </ClInclude>
    <ClInclude Include="Kiwii\Math.h">
      <Filter>Kiwii\Heades</Filter>
    </ClInclude>
    <ClInclude Include="Kiwii\Music.h">
      <Filter>Kiwii\Heades</Filter>
    </ClInclude>
    <ClInclude Include="Kiwii\Screen.h">
      <Filter>Kiwii\Heades</Filter>
    </ClInclude>
    <ClInclude Include="Kiwii\Explorer.h">
      <Filter>Kiwii\Heades</Filter>
    </ClInclude>
    <ClInclude Include="Kiwii\Interpre.h">
      <Filter>Kiwii\Heades</Filter>
    </ClInclude>
    <ClInclude Include="Kiwii\GradientText.h">
      <Filter>Kiwii\MonoText</Filter>
    </ClInclude>
    <ClInclude Include="Kiwii\ScreenText.h">
      <Filter>Kiwii\MonoText</Filter>
    </ClInclude>
    <ClInclude Include="Kiwii\ShaderText.h">
      <Filter>Kiwii\MonoText</Filter>
    </ClInclude>
  </ItemGroup>
</Project>